// !$*UTF8*$!
{
	archiveVersion = 1;
	classes = {
	};
	objectVersion = 50;
	objects = {

/* Begin PBXBuildFile section */
		243C1E89236D51A600284C41 /* AppDelegate.swift in Sources */ = {isa = PBXBuildFile; fileRef = 243C1E88236D51A600284C41 /* AppDelegate.swift */; };
		243C1E8B236D51A600284C41 /* SceneDelegate.swift in Sources */ = {isa = PBXBuildFile; fileRef = 243C1E8A236D51A600284C41 /* SceneDelegate.swift */; };
		243C1E8D236D51A600284C41 /* ViewController.swift in Sources */ = {isa = PBXBuildFile; fileRef = 243C1E8C236D51A600284C41 /* ViewController.swift */; };
		243C1E90236D51A600284C41 /* Main.storyboard in Resources */ = {isa = PBXBuildFile; fileRef = 243C1E8E236D51A600284C41 /* Main.storyboard */; };
		243C1E92236D51AC00284C41 /* Assets.xcassets in Resources */ = {isa = PBXBuildFile; fileRef = 243C1E91236D51AC00284C41 /* Assets.xcassets */; };
		243C1E95236D51AC00284C41 /* LaunchScreen.storyboard in Resources */ = {isa = PBXBuildFile; fileRef = 243C1E93236D51AC00284C41 /* LaunchScreen.storyboard */; };
/* End PBXBuildFile section */

/* Begin PBXFileReference section */
		243C1E85236D51A600284C41 /* swft-single-sb.app */ = {isa = PBXFileReference; explicitFileType = wrapper.application; includeInIndex = 0; path = "swft-single-sb.app"; sourceTree = BUILT_PRODUCTS_DIR; };
		243C1E88236D51A600284C41 /* AppDelegate.swift */ = {isa = PBXFileReference; lastKnownFileType = sourcecode.swift; path = AppDelegate.swift; sourceTree = "<group>"; };
		243C1E8A236D51A600284C41 /* SceneDelegate.swift */ = {isa = PBXFileReference; lastKnownFileType = sourcecode.swift; path = SceneDelegate.swift; sourceTree = "<group>"; };
		243C1E8C236D51A600284C41 /* ViewController.swift */ = {isa = PBXFileReference; lastKnownFileType = sourcecode.swift; path = ViewController.swift; sourceTree = "<group>"; };
		243C1E8F236D51A600284C41 /* Base */ = {isa = PBXFileReference; lastKnownFileType = file.storyboard; name = Base; path = Base.lproj/Main.storyboard; sourceTree = "<group>"; };
		243C1E91236D51AC00284C41 /* Assets.xcassets */ = {isa = PBXFileReference; lastKnownFileType = folder.assetcatalog; path = Assets.xcassets; sourceTree = "<group>"; };
		243C1E94236D51AC00284C41 /* Base */ = {isa = PBXFileReference; lastKnownFileType = file.storyboard; name = Base; path = Base.lproj/LaunchScreen.storyboard; sourceTree = "<group>"; };
		243C1E96236D51AC00284C41 /* Info.plist */ = {isa = PBXFileReference; lastKnownFileType = text.plist.xml; path = Info.plist; sourceTree = "<group>"; };
/* End PBXFileReference section */

/* Begin PBXFrameworksBuildPhase section */
		243C1E82236D51A600284C41 /* Frameworks */ = {
			isa = PBXFrameworksBuildPhase;
			buildActionMask = 2147483647;
			files = (
			);
			runOnlyForDeploymentPostprocessing = 0;
		};
/* End PBXFrameworksBuildPhase section */

/* Begin PBXGroup section */
		243C1E7C236D51A600284C41 = {
			isa = PBXGroup;
			children = (
				243C1E87236D51A600284C41 /* swft-single-sb */,
				243C1E86236D51A600284C41 /* Products */,
			);
			sourceTree = "<group>";
		};
		243C1E86236D51A600284C41 /* Products */ = {
			isa = PBXGroup;
			children = (
				243C1E85236D51A600284C41 /* swft-single-sb.app */,
			);
			name = Products;
			sourceTree = "<group>";
		};
		243C1E87236D51A600284C41 /* swft-single-sb */ = {
			isa = PBXGroup;
			children = (
				243C1E88236D51A600284C41 /* AppDelegate.swift */,
				243C1E8A236D51A600284C41 /* SceneDelegate.swift */,
				243C1E8C236D51A600284C41 /* ViewController.swift */,
				243C1E8E236D51A600284C41 /* Main.storyboard */,
				243C1E91236D51AC00284C41 /* Assets.xcassets */,
				243C1E93236D51AC00284C41 /* LaunchScreen.storyboard */,
				243C1E96236D51AC00284C41 /* Info.plist */,
			);
			path = "swft-single-sb";
			sourceTree = "<group>";
		};
/* End PBXGroup section */

/* Begin PBXNativeTarget section */
		243C1E84236D51A600284C41 /* swft-single-sb */ = {
			isa = PBXNativeTarget;
			buildConfigurationList = 243C1E99236D51AC00284C41 /* Build configuration list for PBXNativeTarget "swft-single-sb" */;
			buildPhases = (
				243C1E81236D51A600284C41 /* Sources */,
				243C1E82236D51A600284C41 /* Frameworks */,
				243C1E83236D51A600284C41 /* Resources */,
			);
			buildRules = (
			);
			dependencies = (
			);
			name = "swft-single-sb";
			productName = "swft-single-sb";
			productReference = 243C1E85236D51A600284C41 /* swft-single-sb.app */;
			productType = "com.apple.product-type.application";
		};
/* End PBXNativeTarget section */

/* Begin PBXProject section */
		243C1E7D236D51A600284C41 /* Project object */ = {
			isa = PBXProject;
			attributes = {
				LastSwiftUpdateCheck = 1120;
				LastUpgradeCheck = 1120;
				ORGANIZATIONNAME = "Aileen Murphy";
				TargetAttributes = {
					243C1E84236D51A600284C41 = {
						CreatedOnToolsVersion = 11.2;
					};
				};
			};
			buildConfigurationList = 243C1E80236D51A600284C41 /* Build configuration list for PBXProject "swft-single-sb" */;
			compatibilityVersion = "Xcode 9.3";
			developmentRegion = en;
			hasScannedForEncodings = 0;
			knownRegions = (
				en,
				Base,
			);
			mainGroup = 243C1E7C236D51A600284C41;
			productRefGroup = 243C1E86236D51A600284C41 /* Products */;
			projectDirPath = "";
			projectRoot = "";
			targets = (
				243C1E84236D51A600284C41 /* swft-single-sb */,
			);
		};
/* End PBXProject section */

/* Begin PBXResourcesBuildPhase section */
		243C1E83236D51A600284C41 /* Resources */ = {
			isa = PBXResourcesBuildPhase;
			buildActionMask = 2147483647;
			files = (
				243C1E95236D51AC00284C41 /* LaunchScreen.storyboard in Resources */,
				243C1E92236D51AC00284C41 /* Assets.xcassets in Resources */,
				243C1E90236D51A600284C41 /* Main.storyboard in Resources */,
			);
			runOnlyForDeploymentPostprocessing = 0;
		};
/* End PBXResourcesBuildPhase section */

/* Begin PBXSourcesBuildPhase section */
		243C1E81236D51A600284C41 /* Sources */ = {
			isa = PBXSourcesBuildPhase;
			buildActionMask = 2147483647;
			files = (
				243C1E8D236D51A600284C41 /* ViewController.swift in Sources */,
				243C1E89236D51A600284C41 /* AppDelegate.swift in Sources */,
				243C1E8B236D51A600284C41 /* SceneDelegate.swift in Sources */,
			);
			runOnlyForDeploymentPostprocessing = 0;
		};
/* End PBXSourcesBuildPhase section */

/* Begin PBXVariantGroup section */
		243C1E8E236D51A600284C41 /* Main.storyboard */ = {
			isa = PBXVariantGroup;
			children = (
				243C1E8F236D51A600284C41 /* Base */,
			);
			name = Main.storyboard;
			sourceTree = "<group>";
		};
		243C1E93236D51AC00284C41 /* LaunchScreen.storyboard */ = {
			isa = PBXVariantGroup;
			children = (
				243C1E94236D51AC00284C41 /* Base */,
			);
			name = LaunchScreen.storyboard;
			sourceTree = "<group>";
		};
/* End PBXVariantGroup section */

/* Begin XCBuildConfiguration section */
		243C1E97236D51AC00284C41 /* Debug */ = {
			isa = XCBuildConfiguration;
			buildSettings = {
				ALWAYS_SEARCH_USER_PATHS = NO;
				CLANG_ANALYZER_NONNULL = YES;
				CLANG_ANALYZER_NUMBER_OBJECT_CONVERSION = YES_AGGRESSIVE;
				CLANG_CXX_LANGUAGE_STANDARD = "gnu++14";
				CLANG_CXX_LIBRARY = "libc++";
				CLANG_ENABLE_MODULES = YES;
				CLANG_ENABLE_OBJC_ARC = YES;
				CLANG_ENABLE_OBJC_WEAK = YES;
				CLANG_WARN_BLOCK_CAPTURE_AUTORELEASING = YES;
				CLANG_WARN_BOOL_CONVERSION = YES;
				CLANG_WARN_COMMA = YES;
				CLANG_WARN_CONSTANT_CONVERSION = YES;
				CLANG_WARN_DEPRECATED_OBJC_IMPLEMENTATIONS = YES;
				CLANG_WARN_DIRECT_OBJC_ISA_USAGE = YES_ERROR;
				CLANG_WARN_DOCUMENTATION_COMMENTS = YES;
				CLANG_WARN_EMPTY_BODY = YES;
				CLANG_WARN_ENUM_CONVERSION = YES;
				CLANG_WARN_INFINITE_RECURSION = YES;
				CLANG_WARN_INT_CONVERSION = YES;
				CLANG_WARN_NON_LITERAL_NULL_CONVERSION = YES;
				CLANG_WARN_OBJC_IMPLICIT_RETAIN_SELF = YES;
				CLANG_WARN_OBJC_LITERAL_CONVERSION = YES;
				CLANG_WARN_OBJC_ROOT_CLASS = YES_ERROR;
				CLANG_WARN_RANGE_LOOP_ANALYSIS = YES;
				CLANG_WARN_STRICT_PROTOTYPES = YES;
				CLANG_WARN_SUSPICIOUS_MOVE = YES;
				CLANG_WARN_UNGUARDED_AVAILABILITY = YES_AGGRESSIVE;
				CLANG_WARN_UNREACHABLE_CODE = YES;
				CLANG_WARN__DUPLICATE_METHOD_MATCH = YES;
				COPY_PHASE_STRIP = NO;
				DEBUG_INFORMATION_FORMAT = dwarf;
				ENABLE_STRICT_OBJC_MSGSEND = YES;
				ENABLE_TESTABILITY = YES;
				GCC_C_LANGUAGE_STANDARD = gnu11;
				GCC_DYNAMIC_NO_PIC = NO;
				GCC_NO_COMMON_BLOCKS = YES;
				GCC_OPTIMIZATION_LEVEL = 0;
				GCC_PREPROCESSOR_DEFINITIONS = (
					"DEBUG=1",
					"$(inherited)",
				);
				GCC_WARN_64_TO_32_BIT_CONVERSION = YES;
				GCC_WARN_ABOUT_RETURN_TYPE = YES_ERROR;
				GCC_WARN_UNDECLARED_SELECTOR = YES;
				GCC_WARN_UNINITIALIZED_AUTOS = YES_AGGRESSIVE;
				GCC_WARN_UNUSED_FUNCTION = YES;
				GCC_WARN_UNUSED_VARIABLE = YES;
				IPHONEOS_DEPLOYMENT_TARGET = 13.2;
				MTL_ENABLE_DEBUG_INFO = INCLUDE_SOURCE;
				MTL_FAST_MATH = YES;
				ONLY_ACTIVE_ARCH = YES;
				SDKROOT = iphoneos;
				SWIFT_ACTIVE_COMPILATION_CONDITIONS = DEBUG;
				SWIFT_OPTIMIZATION_LEVEL = "-Onone";
			};
			name = Debug;
		};
		243C1E98236D51AC00284C41 /* Release */ = {
			isa = XCBuildConfiguration;
			buildSettings = {
				ALWAYS_SEARCH_USER_PATHS = NO;
				CLANG_ANALYZER_NONNULL = YES;
				CLANG_ANALYZER_NUMBER_OBJECT_CONVERSION = YES_AGGRESSIVE;
				CLANG_CXX_LANGUAGE_STANDARD = "gnu++14";
				CLANG_CXX_LIBRARY = "libc++";
				CLANG_ENABLE_MODULES = YES;
				CLANG_ENABLE_OBJC_ARC = YES;
				CLANG_ENABLE_OBJC_WEAK = YES;
				CLANG_WARN_BLOCK_CAPTURE_AUTORELEASING = YES;
				CLANG_WARN_BOOL_CONVERSION = YES;
				CLANG_WARN_COMMA = YES;
				CLANG_WARN_CONSTANT_CONVERSION = YES;
				CLANG_WARN_DEPRECATED_OBJC_IMPLEMENTATIONS = YES;
				CLANG_WARN_DIRECT_OBJC_ISA_USAGE = YES_ERROR;
				CLANG_WARN_DOCUMENTATION_COMMENTS = YES;
				CLANG_WARN_EMPTY_BODY = YES;
				CLANG_WARN_ENUM_CONVERSION = YES;
				CLANG_WARN_INFINITE_RECURSION = YES;
				CLANG_WARN_INT_CONVERSION = YES;
				CLANG_WARN_NON_LITERAL_NULL_CONVERSION = YES;
				CLANG_WARN_OBJC_IMPLICIT_RETAIN_SELF = YES;
				CLANG_WARN_OBJC_LITERAL_CONVERSION = YES;
				CLANG_WARN_OBJC_ROOT_CLASS = YES_ERROR;
				CLANG_WARN_RANGE_LOOP_ANALYSIS = YES;
				CLANG_WARN_STRICT_PROTOTYPES = YES;
				CLANG_WARN_SUSPICIOUS_MOVE = YES;
				CLANG_WARN_UNGUARDED_AVAILABILITY = YES_AGGRESSIVE;
				CLANG_WARN_UNREACHABLE_CODE = YES;
				CLANG_WARN__DUPLICATE_METHOD_MATCH = YES;
				COPY_PHASE_STRIP = NO;
				DEBUG_INFORMATION_FORMAT = "dwarf-with-dsym";
				ENABLE_NS_ASSERTIONS = NO;
				ENABLE_STRICT_OBJC_MSGSEND = YES;
				GCC_C_LANGUAGE_STANDARD = gnu11;
				GCC_NO_COMMON_BLOCKS = YES;
				GCC_WARN_64_TO_32_BIT_CONVERSION = YES;
				GCC_WARN_ABOUT_RETURN_TYPE = YES_ERROR;
				GCC_WARN_UNDECLARED_SELECTOR = YES;
				GCC_WARN_UNINITIALIZED_AUTOS = YES_AGGRESSIVE;
				GCC_WARN_UNUSED_FUNCTION = YES;
				GCC_WARN_UNUSED_VARIABLE = YES;
				IPHONEOS_DEPLOYMENT_TARGET = 13.2;
				MTL_ENABLE_DEBUG_INFO = NO;
				MTL_FAST_MATH = YES;
				SDKROOT = iphoneos;
				SWIFT_COMPILATION_MODE = wholemodule;
				SWIFT_OPTIMIZATION_LEVEL = "-O";
				VALIDATE_PRODUCT = YES;
			};
			name = Release;
		};
		243C1E9A236D51AC00284C41 /* Debug */ = {
			isa = XCBuildConfiguration;
			buildSettings = {
				ASSETCATALOG_COMPILER_APPICON_NAME = AppIcon;
				CODE_SIGN_STYLE = Automatic;
				INFOPLIST_FILE = "swft-single-sb/Info.plist";
				LD_RUNPATH_SEARCH_PATHS = (
					"$(inherited)",
					"@executable_path/Frameworks",
				);
				PRODUCT_BUNDLE_IDENTIFIER = "com.wedabestmusic.swft-single-sb";
				PRODUCT_NAME = "$(TARGET_NAME)";
				SWIFT_VERSION = 5.0;
				TARGETED_DEVICE_FAMILY = "1,2";
			};
			name = Debug;
		};
		243C1E9B236D51AC00284C41 /* Release */ = {
			isa = XCBuildConfiguration;
			buildSettings = {
				ASSETCATALOG_COMPILER_APPICON_NAME = AppIcon;
				CODE_SIGN_STYLE = Automatic;
				INFOPLIST_FILE = "swft-single-sb/Info.plist";
				LD_RUNPATH_SEARCH_PATHS = (
					"$(inherited)",
					"@executable_path/Frameworks",
				);
				PRODUCT_BUNDLE_IDENTIFIER = "com.wedabestmusic.swft-single-sb";
				PRODUCT_NAME = "$(TARGET_NAME)";
				SWIFT_VERSION = 5.0;
				TARGETED_DEVICE_FAMILY = "1,2";
			};
			name = Release;
		};
/* End XCBuildConfiguration section */

/* Begin XCConfigurationList section */
		243C1E80236D51A600284C41 /* Build configuration list for PBXProject "swft-single-sb" */ = {
			isa = XCConfigurationList;
			buildConfigurations = (
				243C1E97236D51AC00284C41 /* Debug */,
				243C1E98236D51AC00284C41 /* Release */,
			);
			defaultConfigurationIsVisible = 0;
			defaultConfigurationName = Release;
		};
		243C1E99236D51AC00284C41 /* Build configuration list for PBXNativeTarget "swft-single-sb" */ = {
			isa = XCConfigurationList;
			buildConfigurations = (
				243C1E9A236D51AC00284C41 /* Debug */,
				243C1E9B236D51AC00284C41 /* Release */,
			);
			defaultConfigurationIsVisible = 0;
			defaultConfigurationName = Release;
		};
/* End XCConfigurationList section */
	};
	rootObject = 243C1E7D236D51A600284C41 /* Project object */;
}
